
Microsoft Visual Studio Solution File, Format Version 12.00
# Visual Studio 15
VisualStudioVersion = 15.0.27130.2027
MinimumVisualStudioVersion = 10.0.40219.1
Project("{2150E333-8FDC-42A3-9474-1A3956D46DE8}") = "src", "src", "{69DAF03A-0D72-4344-9FEB-80BA238C9552}"
EndProject
Project("{2150E333-8FDC-42A3-9474-1A3956D46DE8}") = "tests", "tests", "{1FA5D041-2A1F-422D-9847-6C2C95AADAB9}"
EndProject
Project("{FAE04EC0-301F-11D3-BF4B-00C04F79EFBC}") = "TM.Domain", "src\TM.Domain\TM.Domain.csproj", "{8CB8864F-B3DB-4704-8BC4-C5149AA04386}"
EndProject
Project("{FAE04EC0-301F-11D3-BF4B-00C04F79EFBC}") = "TM.DomainTests", "tests\TM.DomainTests\TM.DomainTests.csproj", "{CF0B2A83-E6CA-4674-A9EB-62D5C0931776}"
EndProject
Project("{FAE04EC0-301F-11D3-BF4B-00C04F79EFBC}") = "TM.Domain.Core", "src\TM.Domain.Core\TM.Domain.Core.csproj", "{FD9DC0F4-2303-4DDB-BF94-36A38C8E29A2}"
EndProject
Global
	GlobalSection(SolutionConfigurationPlatforms) = preSolution
		Debug|Any CPU = Debug|Any CPU
		Release|Any CPU = Release|Any CPU
	EndGlobalSection
	GlobalSection(ProjectConfigurationPlatforms) = postSolution
		{8CB8864F-B3DB-4704-8BC4-C5149AA04386}.Debug|Any CPU.ActiveCfg = Debug|Any CPU
		{8CB8864F-B3DB-4704-8BC4-C5149AA04386}.Debug|Any CPU.Build.0 = Debug|Any CPU
		{8CB8864F-B3DB-4704-8BC4-C5149AA04386}.Release|Any CPU.ActiveCfg = Release|Any CPU
		{8CB8864F-B3DB-4704-8BC4-C5149AA04386}.Release|Any CPU.Build.0 = Release|Any CPU
		{CF0B2A83-E6CA-4674-A9EB-62D5C0931776}.Debug|Any CPU.ActiveCfg = Debug|Any CPU
		{CF0B2A83-E6CA-4674-A9EB-62D5C0931776}.Debug|Any CPU.Build.0 = Debug|Any CPU
		{CF0B2A83-E6CA-4674-A9EB-62D5C0931776}.Release|Any CPU.ActiveCfg = Release|Any CPU
		{CF0B2A83-E6CA-4674-A9EB-62D5C0931776}.Release|Any CPU.Build.0 = Release|Any CPU
		{FD9DC0F4-2303-4DDB-BF94-36A38C8E29A2}.Debug|Any CPU.ActiveCfg = Debug|Any CPU
		{FD9DC0F4-2303-4DDB-BF94-36A38C8E29A2}.Debug|Any CPU.Build.0 = Debug|Any CPU
		{FD9DC0F4-2303-4DDB-BF94-36A38C8E29A2}.Release|Any CPU.ActiveCfg = Release|Any CPU
		{FD9DC0F4-2303-4DDB-BF94-36A38C8E29A2}.Release|Any CPU.Build.0 = Release|Any CPU
	EndGlobalSection
	GlobalSection(SolutionProperties) = preSolution
		HideSolutionNode = FALSE
	EndGlobalSection
	GlobalSection(NestedProjects) = preSolution
		{8CB8864F-B3DB-4704-8BC4-C5149AA04386} = {69DAF03A-0D72-4344-9FEB-80BA238C9552}
		{CF0B2A83-E6CA-4674-A9EB-62D5C0931776} = {1FA5D041-2A1F-422D-9847-6C2C95AADAB9}
		{FD9DC0F4-2303-4DDB-BF94-36A38C8E29A2} = {69DAF03A-0D72-4344-9FEB-80BA238C9552}
	EndGlobalSection
	GlobalSection(ExtensibilityGlobals) = postSolution
		SolutionGuid = {CAB8610D-0380-4347-B736-81798BE12513}
	EndGlobalSection
EndGlobal
